
Microsoft Visual Studio Solution File, Format Version 12.00
# Visual Studio 2012
Project("{8BC9CEB8-8B4A-11D0-8D11-00A0C91BC942}") = "地址分配", "地址分配\地址分配.vcxproj", "{AEA0012C-25EF-4CF6-9DDD-E8FE30735031}"
EndProject
Global
	GlobalSection(SolutionConfigurationPlatforms) = preSolution
		Debug|Win32 = Debug|Win32
		Release|Win32 = Release|Win32
	EndGlobalSection
	GlobalSection(ProjectConfigurationPlatforms) = postSolution
		{AEA0012C-25EF-4CF6-9DDD-E8FE30735031}.Debug|Win32.ActiveCfg = Debug|Win32
		{AEA0012C-25EF-4CF6-9DDD-E8FE30735031}.Debug|Win32.Build.0 = Debug|Win32
		{AEA0012C-25EF-4CF6-9DDD-E8FE30735031}.Release|Win32.ActiveCfg = Release|Win32
		{AEA0012C-25EF-4CF6-9DDD-E8FE30735031}.Release|Win32.Build.0 = Release|Win32
	EndGlobalSection
	GlobalSection(SolutionProperties) = preSolution
		HideSolutionNode = FALSE
	EndGlobalSection
EndGlobal
